
Microsoft Visual Studio Solution File, Format Version 12.00
# Visual Studio Version 17
VisualStudioVersion = 17.9.34723.18
MinimumVisualStudioVersion = 10.0.40219.1
Project("{FAE04EC0-301F-11D3-BF4B-00C04F79EFBC}") = "SampleAPI", "SampleAPI\SampleAPI.csproj", "{18206096-23CB-47C6-BD68-0DC975189111}"
EndProject
Global
	GlobalSection(SolutionConfigurationPlatforms) = preSolution
		Debug|Any CPU = Debug|Any CPU
		Release|Any CPU = Release|Any CPU
	EndGlobalSection
	GlobalSection(ProjectConfigurationPlatforms) = postSolution
		{18206096-23CB-47C6-BD68-0DC975189111}.Debug|Any CPU.ActiveCfg = Debug|Any CPU
		{18206096-23CB-47C6-BD68-0DC975189111}.Debug|Any CPU.Build.0 = Debug|Any CPU
		{18206096-23CB-47C6-BD68-0DC975189111}.Release|Any CPU.ActiveCfg = Release|Any CPU
		{18206096-23CB-47C6-BD68-0DC975189111}.Release|Any CPU.Build.0 = Release|Any CPU
	EndGlobalSection
	GlobalSection(SolutionProperties) = preSolution
		HideSolutionNode = FALSE
	EndGlobalSection
	GlobalSection(ExtensibilityGlobals) = postSolution
		SolutionGuid = {48DE98A6-8C43-457A-9A79-E170C3C42E13}
	EndGlobalSection
EndGlobal
